// !$*UTF8*$!
{
	archiveVersion = 1;
	classes = {
	};
	objectVersion = 52;
	objects = {

/* Begin PBXBuildFile section */
		5ED291D627107BB200950D4E /* AppDelegate.swift in Sources */ = {isa = PBXBuildFile; fileRef = 5ED291D527107BB200950D4E /* AppDelegate.swift */; };
		5ED291D827107BB200950D4E /* SceneDelegate.swift in Sources */ = {isa = PBXBuildFile; fileRef = 5ED291D727107BB200950D4E /* SceneDelegate.swift */; };
		5ED291DA27107BB200950D4E /* ViewController.swift in Sources */ = {isa = PBXBuildFile; fileRef = 5ED291D927107BB200950D4E /* ViewController.swift */; };
		5ED291DD27107BB200950D4E /* Main.storyboard in Resources */ = {isa = PBXBuildFile; fileRef = 5ED291DB27107BB200950D4E /* Main.storyboard */; };
		5ED291DF27107BB400950D4E /* Assets.xcassets in Resources */ = {isa = PBXBuildFile; fileRef = 5ED291DE27107BB400950D4E /* Assets.xcassets */; };
		5ED291E227107BB400950D4E /* LaunchScreen.storyboard in Resources */ = {isa = PBXBuildFile; fileRef = 5ED291E027107BB400950D4E /* LaunchScreen.storyboard */; };
		5ED291EA27107D4900950D4E /* GoogleService-Info.plist in Resources */ = {isa = PBXBuildFile; fileRef = 5ED291E927107D4900950D4E /* GoogleService-Info.plist */; };
		5ED291ED27107EF400950D4E /* FirebaseAuth in Frameworks */ = {isa = PBXBuildFile; productRef = 5ED291EC27107EF400950D4E /* FirebaseAuth */; };
		5ED291EF27107EF400950D4E /* FirebaseDatabase in Frameworks */ = {isa = PBXBuildFile; productRef = 5ED291EE27107EF400950D4E /* FirebaseDatabase */; };
		5ED291F127107EF400950D4E /* FirebaseFirestore in Frameworks */ = {isa = PBXBuildFile; productRef = 5ED291F027107EF400950D4E /* FirebaseFirestore */; };
/* End PBXBuildFile section */

/* Begin PBXFileReference section */
		5ED291D227107BB200950D4E /* WorkingWithFirebase.app */ = {isa = PBXFileReference; explicitFileType = wrapper.application; includeInIndex = 0; path = WorkingWithFirebase.app; sourceTree = BUILT_PRODUCTS_DIR; };
		5ED291D527107BB200950D4E /* AppDelegate.swift */ = {isa = PBXFileReference; lastKnownFileType = sourcecode.swift; path = AppDelegate.swift; sourceTree = "<group>"; };
		5ED291D727107BB200950D4E /* SceneDelegate.swift */ = {isa = PBXFileReference; lastKnownFileType = sourcecode.swift; path = SceneDelegate.swift; sourceTree = "<group>"; };
		5ED291D927107BB200950D4E /* ViewController.swift */ = {isa = PBXFileReference; lastKnownFileType = sourcecode.swift; path = ViewController.swift; sourceTree = "<group>"; };
		5ED291DC27107BB200950D4E /* Base */ = {isa = PBXFileReference; lastKnownFileType = file.storyboard; name = Base; path = Base.lproj/Main.storyboard; sourceTree = "<group>"; };
		5ED291DE27107BB400950D4E /* Assets.xcassets */ = {isa = PBXFileReference; lastKnownFileType = folder.assetcatalog; path = Assets.xcassets; sourceTree = "<group>"; };
		5ED291E127107BB400950D4E /* Base */ = {isa = PBXFileReference; lastKnownFileType = file.storyboard; name = Base; path = Base.lproj/LaunchScreen.storyboard; sourceTree = "<group>"; };
		5ED291E327107BB400950D4E /* Info.plist */ = {isa = PBXFileReference; lastKnownFileType = text.plist.xml; path = Info.plist; sourceTree = "<group>"; };
		5ED291E927107D4900950D4E /* GoogleService-Info.plist */ = {isa = PBXFileReference; fileEncoding = 4; lastKnownFileType = text.plist.xml; path = "GoogleService-Info.plist"; sourceTree = "<group>"; };
/* End PBXFileReference section */

/* Begin PBXFrameworksBuildPhase section */
		5ED291CF27107BB200950D4E /* Frameworks */ = {
			isa = PBXFrameworksBuildPhase;
			buildActionMask = 2147483647;
			files = (
				5ED291EF27107EF400950D4E /* FirebaseDatabase in Frameworks */,
				5ED291ED27107EF400950D4E /* FirebaseAuth in Frameworks */,
				5ED291F127107EF400950D4E /* FirebaseFirestore in Frameworks */,
			);
			runOnlyForDeploymentPostprocessing = 0;
		};
/* End PBXFrameworksBuildPhase section */

/* Begin PBXGroup section */
		5ED291C927107BB200950D4E = {
			isa = PBXGroup;
			children = (
				5ED291D427107BB200950D4E /* WorkingWithFirebase */,
				5ED291D327107BB200950D4E /* Products */,
			);
			sourceTree = "<group>";
		};
		5ED291D327107BB200950D4E /* Products */ = {
			isa = PBXGroup;
			children = (
				5ED291D227107BB200950D4E /* WorkingWithFirebase.app */,
			);
			name = Products;
			sourceTree = "<group>";
		};
		5ED291D427107BB200950D4E /* WorkingWithFirebase */ = {
			isa = PBXGroup;
			children = (
				5ED291D527107BB200950D4E /* AppDelegate.swift */,
				5ED291D727107BB200950D4E /* SceneDelegate.swift */,
				5ED291D927107BB200950D4E /* ViewController.swift */,
				5ED291DB27107BB200950D4E /* Main.storyboard */,
				5ED291DE27107BB400950D4E /* Assets.xcassets */,
				5ED291E027107BB400950D4E /* LaunchScreen.storyboard */,
				5ED291E327107BB400950D4E /* Info.plist */,
				5ED291E927107D4900950D4E /* GoogleService-Info.plist */,
			);
			path = WorkingWithFirebase;
			sourceTree = "<group>";
		};
/* End PBXGroup section */

/* Begin PBXNativeTarget section */
		5ED291D127107BB200950D4E /* WorkingWithFirebase */ = {
			isa = PBXNativeTarget;
			buildConfigurationList = 5ED291E627107BB400950D4E /* Build configuration list for PBXNativeTarget "WorkingWithFirebase" */;
			buildPhases = (
				5ED291CE27107BB200950D4E /* Sources */,
				5ED291CF27107BB200950D4E /* Frameworks */,
				5ED291D027107BB200950D4E /* Resources */,
			);
			buildRules = (
			);
			dependencies = (
			);
			name = WorkingWithFirebase;
			packageProductDependencies = (
				5ED291EC27107EF400950D4E /* FirebaseAuth */,
				5ED291EE27107EF400950D4E /* FirebaseDatabase */,
				5ED291F027107EF400950D4E /* FirebaseFirestore */,
			);
			productName = WorkingWithFirebase;
			productReference = 5ED291D227107BB200950D4E /* WorkingWithFirebase.app */;
			productType = "com.apple.product-type.application";
		};
/* End PBXNativeTarget section */

/* Begin PBXProject section */
		5ED291CA27107BB200950D4E /* Project object */ = {
			isa = PBXProject;
			attributes = {
				LastSwiftUpdateCheck = 1250;
				LastUpgradeCheck = 1250;
				TargetAttributes = {
					5ED291D127107BB200950D4E = {
						CreatedOnToolsVersion = 12.5.1;
					};
				};
			};
			buildConfigurationList = 5ED291CD27107BB200950D4E /* Build configuration list for PBXProject "WorkingWithFirebase" */;
			compatibilityVersion = "Xcode 9.3";
			developmentRegion = en;
			hasScannedForEncodings = 0;
			knownRegions = (
				en,
				Base,
			);
			mainGroup = 5ED291C927107BB200950D4E;
			packageReferences = (
				5ED291EB27107EF300950D4E /* XCRemoteSwiftPackageReference "firebase-ios-sdk" */,
			);
			productRefGroup = 5ED291D327107BB200950D4E /* Products */;
			projectDirPath = "";
			projectRoot = "";
			targets = (
				5ED291D127107BB200950D4E /* WorkingWithFirebase */,
			);
		};
/* End PBXProject section */

/* Begin PBXResourcesBuildPhase section */
		5ED291D027107BB200950D4E /* Resources */ = {
			isa = PBXResourcesBuildPhase;
			buildActionMask = 2147483647;
			files = (
				5ED291E227107BB400950D4E /* LaunchScreen.storyboard in Resources */,
				5ED291EA27107D4900950D4E /* GoogleService-Info.plist in Resources */,
				5ED291DF27107BB400950D4E /* Assets.xcassets in Resources */,
				5ED291DD27107BB200950D4E /* Main.storyboard in Resources */,
			);
			runOnlyForDeploymentPostprocessing = 0;
		};
/* End PBXResourcesBuildPhase section */

/* Begin PBXSourcesBuildPhase section */
		5ED291CE27107BB200950D4E /* Sources */ = {
			isa = PBXSourcesBuildPhase;
			buildActionMask = 2147483647;
			files = (
				5ED291DA27107BB200950D4E /* ViewController.swift in Sources */,
				5ED291D627107BB200950D4E /* AppDelegate.swift in Sources */,
				5ED291D827107BB200950D4E /* SceneDelegate.swift in Sources */,
			);
			runOnlyForDeploymentPostprocessing = 0;
		};
/* End PBXSourcesBuildPhase section */

/* Begin PBXVariantGroup section */
		5ED291DB27107BB200950D4E /* Main.storyboard */ = {
			isa = PBXVariantGroup;
			children = (
				5ED291DC27107BB200950D4E /* Base */,
			);
			name = Main.storyboard;
			sourceTree = "<group>";
		};
		5ED291E027107BB400950D4E /* LaunchScreen.storyboard */ = {
			isa = PBXVariantGroup;
			children = (
				5ED291E127107BB400950D4E /* Base */,
			);
			name = LaunchScreen.storyboard;
			sourceTree = "<group>";
		};
/* End PBXVariantGroup section */

/* Begin XCBuildConfiguration section */
		5ED291E427107BB400950D4E /* Debug */ = {
			isa = XCBuildConfiguration;
			buildSettings = {
				ALWAYS_SEARCH_USER_PATHS = NO;
				CLANG_ANALYZER_NONNULL = YES;
				CLANG_ANALYZER_NUMBER_OBJECT_CONVERSION = YES_AGGRESSIVE;
				CLANG_CXX_LANGUAGE_STANDARD = "gnu++14";
				CLANG_CXX_LIBRARY = "libc++";
				CLANG_ENABLE_MODULES = YES;
				CLANG_ENABLE_OBJC_ARC = YES;
				CLANG_ENABLE_OBJC_WEAK = YES;
				CLANG_WARN_BLOCK_CAPTURE_AUTORELEASING = YES;
				CLANG_WARN_BOOL_CONVERSION = YES;
				CLANG_WARN_COMMA = YES;
				CLANG_WARN_CONSTANT_CONVERSION = YES;
				CLANG_WARN_DEPRECATED_OBJC_IMPLEMENTATIONS = YES;
				CLANG_WARN_DIRECT_OBJC_ISA_USAGE = YES_ERROR;
				CLANG_WARN_DOCUMENTATION_COMMENTS = YES;
				CLANG_WARN_EMPTY_BODY = YES;
				CLANG_WARN_ENUM_CONVERSION = YES;
				CLANG_WARN_INFINITE_RECURSION = YES;
				CLANG_WARN_INT_CONVERSION = YES;
				CLANG_WARN_NON_LITERAL_NULL_CONVERSION = YES;
				CLANG_WARN_OBJC_IMPLICIT_RETAIN_SELF = YES;
				CLANG_WARN_OBJC_LITERAL_CONVERSION = YES;
				CLANG_WARN_OBJC_ROOT_CLASS = YES_ERROR;
				CLANG_WARN_QUOTED_INCLUDE_IN_FRAMEWORK_HEADER = YES;
				CLANG_WARN_RANGE_LOOP_ANALYSIS = YES;
				CLANG_WARN_STRICT_PROTOTYPES = YES;
				CLANG_WARN_SUSPICIOUS_MOVE = YES;
				CLANG_WARN_UNGUARDED_AVAILABILITY = YES_AGGRESSIVE;
				CLANG_WARN_UNREACHABLE_CODE = YES;
				CLANG_WARN__DUPLICATE_METHOD_MATCH = YES;
				COPY_PHASE_STRIP = NO;
				DEBUG_INFORMATION_FORMAT = dwarf;
				ENABLE_STRICT_OBJC_MSGSEND = YES;
				ENABLE_TESTABILITY = YES;
				GCC_C_LANGUAGE_STANDARD = gnu11;
				GCC_DYNAMIC_NO_PIC = NO;
				GCC_NO_COMMON_BLOCKS = YES;
				GCC_OPTIMIZATION_LEVEL = 0;
				GCC_PREPROCESSOR_DEFINITIONS = (
					"DEBUG=1",
					"$(inherited)",
				);
				GCC_WARN_64_TO_32_BIT_CONVERSION = YES;
				GCC_WARN_ABOUT_RETURN_TYPE = YES_ERROR;
				GCC_WARN_UNDECLARED_SELECTOR = YES;
				GCC_WARN_UNINITIALIZED_AUTOS = YES_AGGRESSIVE;
				GCC_WARN_UNUSED_FUNCTION = YES;
				GCC_WARN_UNUSED_VARIABLE = YES;
				IPHONEOS_DEPLOYMENT_TARGET = 14.5;
				MTL_ENABLE_DEBUG_INFO = INCLUDE_SOURCE;
				MTL_FAST_MATH = YES;
				ONLY_ACTIVE_ARCH = YES;
				SDKROOT = iphoneos;
				SWIFT_ACTIVE_COMPILATION_CONDITIONS = DEBUG;
				SWIFT_OPTIMIZATION_LEVEL = "-Onone";
			};
			name = Debug;
		};
		5ED291E527107BB400950D4E /* Release */ = {
			isa = XCBuildConfiguration;
			buildSettings = {
				ALWAYS_SEARCH_USER_PATHS = NO;
				CLANG_ANALYZER_NONNULL = YES;
				CLANG_ANALYZER_NUMBER_OBJECT_CONVERSION = YES_AGGRESSIVE;
				CLANG_CXX_LANGUAGE_STANDARD = "gnu++14";
				CLANG_CXX_LIBRARY = "libc++";
				CLANG_ENABLE_MODULES = YES;
				CLANG_ENABLE_OBJC_ARC = YES;
				CLANG_ENABLE_OBJC_WEAK = YES;
				CLANG_WARN_BLOCK_CAPTURE_AUTORELEASING = YES;
				CLANG_WARN_BOOL_CONVERSION = YES;
				CLANG_WARN_COMMA = YES;
				CLANG_WARN_CONSTANT_CONVERSION = YES;
				CLANG_WARN_DEPRECATED_OBJC_IMPLEMENTATIONS = YES;
				CLANG_WARN_DIRECT_OBJC_ISA_USAGE = YES_ERROR;
				CLANG_WARN_DOCUMENTATION_COMMENTS = YES;
				CLANG_WARN_EMPTY_BODY = YES;
				CLANG_WARN_ENUM_CONVERSION = YES;
				CLANG_WARN_INFINITE_RECURSION = YES;
				CLANG_WARN_INT_CONVERSION = YES;
				CLANG_WARN_NON_LITERAL_NULL_CONVERSION = YES;
				CLANG_WARN_OBJC_IMPLICIT_RETAIN_SELF = YES;
				CLANG_WARN_OBJC_LITERAL_CONVERSION = YES;
				CLANG_WARN_OBJC_ROOT_CLASS = YES_ERROR;
				CLANG_WARN_QUOTED_INCLUDE_IN_FRAMEWORK_HEADER = YES;
				CLANG_WARN_RANGE_LOOP_ANALYSIS = YES;
				CLANG_WARN_STRICT_PROTOTYPES = YES;
				CLANG_WARN_SUSPICIOUS_MOVE = YES;
				CLANG_WARN_UNGUARDED_AVAILABILITY = YES_AGGRESSIVE;
				CLANG_WARN_UNREACHABLE_CODE = YES;
				CLANG_WARN__DUPLICATE_METHOD_MATCH = YES;
				COPY_PHASE_STRIP = NO;
				DEBUG_INFORMATION_FORMAT = "dwarf-with-dsym";
				ENABLE_NS_ASSERTIONS = NO;
				ENABLE_STRICT_OBJC_MSGSEND = YES;
				GCC_C_LANGUAGE_STANDARD = gnu11;
				GCC_NO_COMMON_BLOCKS = YES;
				GCC_WARN_64_TO_32_BIT_CONVERSION = YES;
				GCC_WARN_ABOUT_RETURN_TYPE = YES_ERROR;
				GCC_WARN_UNDECLARED_SELECTOR = YES;
				GCC_WARN_UNINITIALIZED_AUTOS = YES_AGGRESSIVE;
				GCC_WARN_UNUSED_FUNCTION = YES;
				GCC_WARN_UNUSED_VARIABLE = YES;
				IPHONEOS_DEPLOYMENT_TARGET = 14.5;
				MTL_ENABLE_DEBUG_INFO = NO;
				MTL_FAST_MATH = YES;
				SDKROOT = iphoneos;
				SWIFT_COMPILATION_MODE = wholemodule;
				SWIFT_OPTIMIZATION_LEVEL = "-O";
				VALIDATE_PRODUCT = YES;
			};
			name = Release;
		};
		5ED291E727107BB400950D4E /* Debug */ = {
			isa = XCBuildConfiguration;
			buildSettings = {
				ASSETCATALOG_COMPILER_APPICON_NAME = AppIcon;
				ASSETCATALOG_COMPILER_GLOBAL_ACCENT_COLOR_NAME = AccentColor;
				CODE_SIGN_IDENTITY = "Apple Development";
				CODE_SIGN_STYLE = Automatic;
				DEVELOPMENT_TEAM = LGVM9RAH4N;
				INFOPLIST_FILE = WorkingWithFirebase/Info.plist;
				LD_RUNPATH_SEARCH_PATHS = (
					"$(inherited)",
					"@executable_path/Frameworks",
				);
				PRODUCT_BUNDLE_IDENTIFIER = com.sergeylukaschuk.WorkingWithFirebase;
				PRODUCT_NAME = "$(TARGET_NAME)";
				PROVISIONING_PROFILE_SPECIFIER = "";
				SWIFT_VERSION = 5.0;
				TARGETED_DEVICE_FAMILY = "1,2";
			};
			name = Debug;
		};
		5ED291E827107BB400950D4E /* Release */ = {
			isa = XCBuildConfiguration;
			buildSettings = {
				ASSETCATALOG_COMPILER_APPICON_NAME = AppIcon;
				ASSETCATALOG_COMPILER_GLOBAL_ACCENT_COLOR_NAME = AccentColor;
				CODE_SIGN_IDENTITY = "Apple Development";
				CODE_SIGN_STYLE = Automatic;
				DEVELOPMENT_TEAM = LGVM9RAH4N;
				INFOPLIST_FILE = WorkingWithFirebase/Info.plist;
				LD_RUNPATH_SEARCH_PATHS = (
					"$(inherited)",
					"@executable_path/Frameworks",
				);
				PRODUCT_BUNDLE_IDENTIFIER = com.sergeylukaschuk.WorkingWithFirebase;
				PRODUCT_NAME = "$(TARGET_NAME)";
				PROVISIONING_PROFILE_SPECIFIER = "";
				SWIFT_VERSION = 5.0;
				TARGETED_DEVICE_FAMILY = "1,2";
			};
			name = Release;
		};
/* End XCBuildConfiguration section */

/* Begin XCConfigurationList section */
		5ED291CD27107BB200950D4E /* Build configuration list for PBXProject "WorkingWithFirebase" */ = {
			isa = XCConfigurationList;
			buildConfigurations = (
				5ED291E427107BB400950D4E /* Debug */,
				5ED291E527107BB400950D4E /* Release */,
			);
			defaultConfigurationIsVisible = 0;
			defaultConfigurationName = Release;
		};
		5ED291E627107BB400950D4E /* Build configuration list for PBXNativeTarget "WorkingWithFirebase" */ = {
			isa = XCConfigurationList;
			buildConfigurations = (
				5ED291E727107BB400950D4E /* Debug */,
				5ED291E827107BB400950D4E /* Release */,
			);
			defaultConfigurationIsVisible = 0;
			defaultConfigurationName = Release;
		};
/* End XCConfigurationList section */

/* Begin XCRemoteSwiftPackageReference section */
		5ED291EB27107EF300950D4E /* XCRemoteSwiftPackageReference "firebase-ios-sdk" */ = {
			isa = XCRemoteSwiftPackageReference;
			repositoryURL = "https://github.com/firebase/firebase-ios-sdk.git";
			requirement = {
				kind = upToNextMajorVersion;
				minimumVersion = 8.8.1;
			};
		};
/* End XCRemoteSwiftPackageReference section */

/* Begin XCSwiftPackageProductDependency section */
		5ED291EC27107EF400950D4E /* FirebaseAuth */ = {
			isa = XCSwiftPackageProductDependency;
			package = 5ED291EB27107EF300950D4E /* XCRemoteSwiftPackageReference "firebase-ios-sdk" */;
			productName = FirebaseAuth;
		};
		5ED291EE27107EF400950D4E /* FirebaseDatabase */ = {
			isa = XCSwiftPackageProductDependency;
			package = 5ED291EB27107EF300950D4E /* XCRemoteSwiftPackageReference "firebase-ios-sdk" */;
			productName = FirebaseDatabase;
		};
		5ED291F027107EF400950D4E /* FirebaseFirestore */ = {
			isa = XCSwiftPackageProductDependency;
			package = 5ED291EB27107EF300950D4E /* XCRemoteSwiftPackageReference "firebase-ios-sdk" */;
			productName = FirebaseFirestore;
		};
/* End XCSwiftPackageProductDependency section */
	};
	rootObject = 5ED291CA27107BB200950D4E /* Project object */;
}
